// !$*UTF8*$!
{
	archiveVersion = 1;
	classes = {
	};
	objectVersion = 56;
	objects = {

/* Begin PBXBuildFile section */
		154100CE2ABA7B3D00828CB3 /* ProfilePageViewModel.swift in Sources */ = {isa = PBXBuildFile; fileRef = 154100CD2ABA7B3D00828CB3 /* ProfilePageViewModel.swift */; };
		154100D02ABA7B4200828CB3 /* ProfileModel.swift in Sources */ = {isa = PBXBuildFile; fileRef = 154100CF2ABA7B4200828CB3 /* ProfileModel.swift */; };
		154100D22ABA905F00828CB3 /* ProfilePageView.swift in Sources */ = {isa = PBXBuildFile; fileRef = 154100D12ABA905F00828CB3 /* ProfilePageView.swift */; };
		154100E72ABC623600828CB3 /* Alamofire in Frameworks */ = {isa = PBXBuildFile; productRef = 154100E62ABC623600828CB3 /* Alamofire */; };
		154E3BA92AB8745C00E2312E /* AppDelegate.swift in Sources */ = {isa = PBXBuildFile; fileRef = 154E3BA82AB8745C00E2312E /* AppDelegate.swift */; };
		154E3BAB2AB8745C00E2312E /* SceneDelegate.swift in Sources */ = {isa = PBXBuildFile; fileRef = 154E3BAA2AB8745C00E2312E /* SceneDelegate.swift */; };
		154E3BAD2AB8745C00E2312E /* MainViewController.swift in Sources */ = {isa = PBXBuildFile; fileRef = 154E3BAC2AB8745C00E2312E /* MainViewController.swift */; };
		154E3BB02AB8745C00E2312E /* Main.storyboard in Resources */ = {isa = PBXBuildFile; fileRef = 154E3BAE2AB8745C00E2312E /* Main.storyboard */; };
		154E3BB32AB8745C00E2312E /* Task.xcdatamodeld in Sources */ = {isa = PBXBuildFile; fileRef = 154E3BB12AB8745C00E2312E /* Task.xcdatamodeld */; };
		154E3BB52AB8745D00E2312E /* Assets.xcassets in Resources */ = {isa = PBXBuildFile; fileRef = 154E3BB42AB8745D00E2312E /* Assets.xcassets */; };
		154E3BB82AB8745D00E2312E /* LaunchScreen.storyboard in Resources */ = {isa = PBXBuildFile; fileRef = 154E3BB62AB8745D00E2312E /* LaunchScreen.storyboard */; };
		154E3BCD2AB91DEA00E2312E /* TodoPage.storyboard in Resources */ = {isa = PBXBuildFile; fileRef = 154E3BCC2AB91DEA00E2312E /* TodoPage.storyboard */; };
		154E3BCF2AB91DFA00E2312E /* TodoViewController.swift in Sources */ = {isa = PBXBuildFile; fileRef = 154E3BCE2AB91DFA00E2312E /* TodoViewController.swift */; };
		154E3BD22AB91E8A00E2312E /* TodoCell.swift in Sources */ = {isa = PBXBuildFile; fileRef = 154E3BD12AB91E8A00E2312E /* TodoCell.swift */; };
		154E3BD62AB92ED700E2312E /* CreateViewController.swift in Sources */ = {isa = PBXBuildFile; fileRef = 154E3BD52AB92ED700E2312E /* CreateViewController.swift */; };
		154E3BD82AB941DE00E2312E /* Date.swift in Sources */ = {isa = PBXBuildFile; fileRef = 154E3BD72AB941DE00E2312E /* Date.swift */; };
		154E3BDB2AB9440400E2312E /* Instances.swift in Sources */ = {isa = PBXBuildFile; fileRef = 154E3BDA2AB9440400E2312E /* Instances.swift */; };
		154E3BDD2AB9728100E2312E /* String.swift in Sources */ = {isa = PBXBuildFile; fileRef = 154E3BDC2AB9728100E2312E /* String.swift */; };
		154E3BDF2AB9787700E2312E /* DonePage.storyboard in Resources */ = {isa = PBXBuildFile; fileRef = 154E3BDE2AB9787700E2312E /* DonePage.storyboard */; };
		154E3BE12AB978A400E2312E /* DoneViewController.swift in Sources */ = {isa = PBXBuildFile; fileRef = 154E3BE02AB978A400E2312E /* DoneViewController.swift */; };
		154E3BE32AB97A2E00E2312E /* DoneCell.swift in Sources */ = {isa = PBXBuildFile; fileRef = 154E3BE22AB97A2E00E2312E /* DoneCell.swift */; };
		154E3BE52AB97D3B00E2312E /* ProfileDesign.storyboard in Resources */ = {isa = PBXBuildFile; fileRef = 154E3BE42AB97D3B00E2312E /* ProfileDesign.storyboard */; };
		154E3BE72AB97DFA00E2312E /* ProfileDeisgnViewController.swift in Sources */ = {isa = PBXBuildFile; fileRef = 154E3BE62AB97DFA00E2312E /* ProfileDeisgnViewController.swift */; };
		154E3BEA2AB97F8900E2312E /* SnapKit in Frameworks */ = {isa = PBXBuildFile; productRef = 154E3BE92AB97F8900E2312E /* SnapKit */; };
		154E3BEC2AB97FFA00E2312E /* MyCollectionViewCell.swift in Sources */ = {isa = PBXBuildFile; fileRef = 154E3BEB2AB97FFA00E2312E /* MyCollectionViewCell.swift */; };
		154E3BEE2AB9B22F00E2312E /* ProfilePage.storyboard in Resources */ = {isa = PBXBuildFile; fileRef = 154E3BED2AB9B22F00E2312E /* ProfilePage.storyboard */; };
		154E3BF12AB9B2A100E2312E /* ProfilePageViewController.swift in Sources */ = {isa = PBXBuildFile; fileRef = 154E3BF02AB9B2A100E2312E /* ProfilePageViewController.swift */; };
		15B0F6C42AF2237E0072457C /* .gitignore in Resources */ = {isa = PBXBuildFile; fileRef = 15B0F6C32AF2237E0072457C /* .gitignore */; };
/* End PBXBuildFile section */

/* Begin PBXFileReference section */
		154100CD2ABA7B3D00828CB3 /* ProfilePageViewModel.swift */ = {isa = PBXFileReference; lastKnownFileType = sourcecode.swift; path = ProfilePageViewModel.swift; sourceTree = "<group>"; };
		154100CF2ABA7B4200828CB3 /* ProfileModel.swift */ = {isa = PBXFileReference; lastKnownFileType = sourcecode.swift; path = ProfileModel.swift; sourceTree = "<group>"; };
		154100D12ABA905F00828CB3 /* ProfilePageView.swift */ = {isa = PBXFileReference; lastKnownFileType = sourcecode.swift; path = ProfilePageView.swift; sourceTree = "<group>"; };
		154E3BA52AB8745C00E2312E /* TodoApp.app */ = {isa = PBXFileReference; explicitFileType = wrapper.application; includeInIndex = 0; path = TodoApp.app; sourceTree = BUILT_PRODUCTS_DIR; };
		154E3BA82AB8745C00E2312E /* AppDelegate.swift */ = {isa = PBXFileReference; lastKnownFileType = sourcecode.swift; path = AppDelegate.swift; sourceTree = "<group>"; };
		154E3BAA2AB8745C00E2312E /* SceneDelegate.swift */ = {isa = PBXFileReference; lastKnownFileType = sourcecode.swift; path = SceneDelegate.swift; sourceTree = "<group>"; };
		154E3BAC2AB8745C00E2312E /* MainViewController.swift */ = {isa = PBXFileReference; lastKnownFileType = sourcecode.swift; path = MainViewController.swift; sourceTree = "<group>"; };
		154E3BAF2AB8745C00E2312E /* Base */ = {isa = PBXFileReference; lastKnownFileType = file.storyboard; name = Base; path = Base.lproj/Main.storyboard; sourceTree = "<group>"; };
		154E3BB22AB8745C00E2312E /* TodoApp.xcdatamodel */ = {isa = PBXFileReference; lastKnownFileType = wrapper.xcdatamodel; path = TodoApp.xcdatamodel; sourceTree = "<group>"; };
		154E3BB42AB8745D00E2312E /* Assets.xcassets */ = {isa = PBXFileReference; lastKnownFileType = folder.assetcatalog; path = Assets.xcassets; sourceTree = "<group>"; };
		154E3BB72AB8745D00E2312E /* Base */ = {isa = PBXFileReference; lastKnownFileType = file.storyboard; name = Base; path = Base.lproj/LaunchScreen.storyboard; sourceTree = "<group>"; };
		154E3BB92AB8745D00E2312E /* Info.plist */ = {isa = PBXFileReference; lastKnownFileType = text.plist.xml; path = Info.plist; sourceTree = "<group>"; };
		154E3BCC2AB91DEA00E2312E /* TodoPage.storyboard */ = {isa = PBXFileReference; lastKnownFileType = file.storyboard; path = TodoPage.storyboard; sourceTree = "<group>"; };
		154E3BCE2AB91DFA00E2312E /* TodoViewController.swift */ = {isa = PBXFileReference; lastKnownFileType = sourcecode.swift; path = TodoViewController.swift; sourceTree = "<group>"; };
		154E3BD12AB91E8A00E2312E /* TodoCell.swift */ = {isa = PBXFileReference; lastKnownFileType = sourcecode.swift; path = TodoCell.swift; sourceTree = "<group>"; };
		154E3BD52AB92ED700E2312E /* CreateViewController.swift */ = {isa = PBXFileReference; lastKnownFileType = sourcecode.swift; path = CreateViewController.swift; sourceTree = "<group>"; };
		154E3BD72AB941DE00E2312E /* Date.swift */ = {isa = PBXFileReference; lastKnownFileType = sourcecode.swift; path = Date.swift; sourceTree = "<group>"; };
		154E3BDA2AB9440400E2312E /* Instances.swift */ = {isa = PBXFileReference; lastKnownFileType = sourcecode.swift; path = Instances.swift; sourceTree = "<group>"; };
		154E3BDC2AB9728100E2312E /* String.swift */ = {isa = PBXFileReference; lastKnownFileType = sourcecode.swift; path = String.swift; sourceTree = "<group>"; };
		154E3BDE2AB9787700E2312E /* DonePage.storyboard */ = {isa = PBXFileReference; lastKnownFileType = file.storyboard; path = DonePage.storyboard; sourceTree = "<group>"; };
		154E3BE02AB978A400E2312E /* DoneViewController.swift */ = {isa = PBXFileReference; lastKnownFileType = sourcecode.swift; path = DoneViewController.swift; sourceTree = "<group>"; };
		154E3BE22AB97A2E00E2312E /* DoneCell.swift */ = {isa = PBXFileReference; lastKnownFileType = sourcecode.swift; path = DoneCell.swift; sourceTree = "<group>"; };
		154E3BE42AB97D3B00E2312E /* ProfileDesign.storyboard */ = {isa = PBXFileReference; lastKnownFileType = file.storyboard; path = ProfileDesign.storyboard; sourceTree = "<group>"; };
		154E3BE62AB97DFA00E2312E /* ProfileDeisgnViewController.swift */ = {isa = PBXFileReference; lastKnownFileType = sourcecode.swift; path = ProfileDeisgnViewController.swift; sourceTree = "<group>"; };
		154E3BEB2AB97FFA00E2312E /* MyCollectionViewCell.swift */ = {isa = PBXFileReference; lastKnownFileType = sourcecode.swift; path = MyCollectionViewCell.swift; sourceTree = "<group>"; };
		154E3BED2AB9B22F00E2312E /* ProfilePage.storyboard */ = {isa = PBXFileReference; lastKnownFileType = file.storyboard; path = ProfilePage.storyboard; sourceTree = "<group>"; };
		154E3BF02AB9B2A100E2312E /* ProfilePageViewController.swift */ = {isa = PBXFileReference; lastKnownFileType = sourcecode.swift; path = ProfilePageViewController.swift; sourceTree = "<group>"; };
		15B0F6C32AF2237E0072457C /* .gitignore */ = {isa = PBXFileReference; lastKnownFileType = text; path = .gitignore; sourceTree = "<group>"; };
/* End PBXFileReference section */

/* Begin PBXFrameworksBuildPhase section */
		154E3BA22AB8745C00E2312E /* Frameworks */ = {
			isa = PBXFrameworksBuildPhase;
			buildActionMask = 2147483647;
			files = (
				154E3BEA2AB97F8900E2312E /* SnapKit in Frameworks */,
				154100E72ABC623600828CB3 /* Alamofire in Frameworks */,
			);
			runOnlyForDeploymentPostprocessing = 0;
		};
/* End PBXFrameworksBuildPhase section */

/* Begin PBXGroup section */
		154E3B9C2AB8745C00E2312E = {
			isa = PBXGroup;
			children = (
				154E3BA72AB8745C00E2312E /* TodoApp */,
				154E3BA62AB8745C00E2312E /* Products */,
			);
			sourceTree = "<group>";
		};
		154E3BA62AB8745C00E2312E /* Products */ = {
			isa = PBXGroup;
			children = (
				154E3BA52AB8745C00E2312E /* TodoApp.app */,
			);
			name = Products;
			sourceTree = "<group>";
		};
		154E3BA72AB8745C00E2312E /* TodoApp */ = {
			isa = PBXGroup;
			children = (
				154E3BA82AB8745C00E2312E /* AppDelegate.swift */,
				154E3BAA2AB8745C00E2312E /* SceneDelegate.swift */,
				154E3BDA2AB9440400E2312E /* Instances.swift */,
				154E3BD92AB9421A00E2312E /* Extension */,
				154E3BCA2AB91DCE00E2312E /* ViewController */,
				154E3BCB2AB91DD800E2312E /* Storyboard */,
				154E3BB42AB8745D00E2312E /* Assets.xcassets */,
				154E3BEF2AB9B23300E2312E /* MVVM */,
				154E3BB62AB8745D00E2312E /* LaunchScreen.storyboard */,
				154E3BB92AB8745D00E2312E /* Info.plist */,
				154E3BB12AB8745C00E2312E /* Task.xcdatamodeld */,
				15B0F6C32AF2237E0072457C /* .gitignore */,
			);
			path = TodoApp;
			sourceTree = "<group>";
		};
		154E3BCA2AB91DCE00E2312E /* ViewController */ = {
			isa = PBXGroup;
			children = (
				154E3BAC2AB8745C00E2312E /* MainViewController.swift */,
				154E3BCE2AB91DFA00E2312E /* TodoViewController.swift */,
				154E3BD52AB92ED700E2312E /* CreateViewController.swift */,
				154E3BE02AB978A400E2312E /* DoneViewController.swift */,
				154E3BE62AB97DFA00E2312E /* ProfileDeisgnViewController.swift */,
				154E3BD02AB91E6B00E2312E /* Cell */,
			);
			path = ViewController;
			sourceTree = "<group>";
		};
		154E3BCB2AB91DD800E2312E /* Storyboard */ = {
			isa = PBXGroup;
			children = (
				154E3BAE2AB8745C00E2312E /* Main.storyboard */,
				154E3BCC2AB91DEA00E2312E /* TodoPage.storyboard */,
				154E3BDE2AB9787700E2312E /* DonePage.storyboard */,
				154E3BE42AB97D3B00E2312E /* ProfileDesign.storyboard */,
			);
			path = Storyboard;
			sourceTree = "<group>";
		};
		154E3BD02AB91E6B00E2312E /* Cell */ = {
			isa = PBXGroup;
			children = (
				154E3BD12AB91E8A00E2312E /* TodoCell.swift */,
				154E3BE22AB97A2E00E2312E /* DoneCell.swift */,
				154E3BEB2AB97FFA00E2312E /* MyCollectionViewCell.swift */,
			);
			path = Cell;
			sourceTree = "<group>";
		};
		154E3BD92AB9421A00E2312E /* Extension */ = {
			isa = PBXGroup;
			children = (
				154E3BD72AB941DE00E2312E /* Date.swift */,
				154E3BDC2AB9728100E2312E /* String.swift */,
			);
			path = Extension;
			sourceTree = "<group>";
		};
		154E3BEF2AB9B23300E2312E /* MVVM */ = {
			isa = PBXGroup;
			children = (
				154E3BED2AB9B22F00E2312E /* ProfilePage.storyboard */,
				154E3BF02AB9B2A100E2312E /* ProfilePageViewController.swift */,
				154100D12ABA905F00828CB3 /* ProfilePageView.swift */,
				154100CD2ABA7B3D00828CB3 /* ProfilePageViewModel.swift */,
				154100CF2ABA7B4200828CB3 /* ProfileModel.swift */,
			);
			path = MVVM;
			sourceTree = "<group>";
		};
/* End PBXGroup section */

/* Begin PBXNativeTarget section */
		154E3BA42AB8745C00E2312E /* TodoApp */ = {
			isa = PBXNativeTarget;
			buildConfigurationList = 154E3BBC2AB8745D00E2312E /* Build configuration list for PBXNativeTarget "TodoApp" */;
			buildPhases = (
				154E3BA12AB8745C00E2312E /* Sources */,
				154E3BA22AB8745C00E2312E /* Frameworks */,
				154E3BA32AB8745C00E2312E /* Resources */,
			);
			buildRules = (
			);
			dependencies = (
			);
			name = TodoApp;
			packageProductDependencies = (
				154E3BE92AB97F8900E2312E /* SnapKit */,
				154100E62ABC623600828CB3 /* Alamofire */,
			);
			productName = TodoApp;
			productReference = 154E3BA52AB8745C00E2312E /* TodoApp.app */;
			productType = "com.apple.product-type.application";
		};
/* End PBXNativeTarget section */

/* Begin PBXProject section */
		154E3B9D2AB8745C00E2312E /* Project object */ = {
			isa = PBXProject;
			attributes = {
				BuildIndependentTargetsInParallel = 1;
				LastSwiftUpdateCheck = 1430;
				LastUpgradeCheck = 1500;
				TargetAttributes = {
					154E3BA42AB8745C00E2312E = {
						CreatedOnToolsVersion = 14.3.1;
					};
				};
			};
			buildConfigurationList = 154E3BA02AB8745C00E2312E /* Build configuration list for PBXProject "TodoApp" */;
			compatibilityVersion = "Xcode 14.0";
			developmentRegion = en;
			hasScannedForEncodings = 0;
			knownRegions = (
				en,
				Base,
			);
			mainGroup = 154E3B9C2AB8745C00E2312E;
			packageReferences = (
				154E3BE82AB97F8900E2312E /* XCRemoteSwiftPackageReference "SnapKit" */,
				154100E52ABC623600828CB3 /* XCRemoteSwiftPackageReference "Alamofire" */,
			);
			productRefGroup = 154E3BA62AB8745C00E2312E /* Products */;
			projectDirPath = "";
			projectRoot = "";
			targets = (
				154E3BA42AB8745C00E2312E /* TodoApp */,
			);
		};
/* End PBXProject section */

/* Begin PBXResourcesBuildPhase section */
		154E3BA32AB8745C00E2312E /* Resources */ = {
			isa = PBXResourcesBuildPhase;
			buildActionMask = 2147483647;
			files = (
				15B0F6C42AF2237E0072457C /* .gitignore in Resources */,
				154E3BB82AB8745D00E2312E /* LaunchScreen.storyboard in Resources */,
				154E3BCD2AB91DEA00E2312E /* TodoPage.storyboard in Resources */,
				154E3BE52AB97D3B00E2312E /* ProfileDesign.storyboard in Resources */,
				154E3BEE2AB9B22F00E2312E /* ProfilePage.storyboard in Resources */,
				154E3BDF2AB9787700E2312E /* DonePage.storyboard in Resources */,
				154E3BB52AB8745D00E2312E /* Assets.xcassets in Resources */,
				154E3BB02AB8745C00E2312E /* Main.storyboard in Resources */,
			);
			runOnlyForDeploymentPostprocessing = 0;
		};
/* End PBXResourcesBuildPhase section */

/* Begin PBXSourcesBuildPhase section */
		154E3BA12AB8745C00E2312E /* Sources */ = {
			isa = PBXSourcesBuildPhase;
			buildActionMask = 2147483647;
			files = (
				154E3BCF2AB91DFA00E2312E /* TodoViewController.swift in Sources */,
				154E3BE72AB97DFA00E2312E /* ProfileDeisgnViewController.swift in Sources */,
				154E3BD22AB91E8A00E2312E /* TodoCell.swift in Sources */,
				154E3BDD2AB9728100E2312E /* String.swift in Sources */,
				154E3BE32AB97A2E00E2312E /* DoneCell.swift in Sources */,
				154E3BE12AB978A400E2312E /* DoneViewController.swift in Sources */,
				154E3BD62AB92ED700E2312E /* CreateViewController.swift in Sources */,
				154E3BD82AB941DE00E2312E /* Date.swift in Sources */,
				154E3BEC2AB97FFA00E2312E /* MyCollectionViewCell.swift in Sources */,
				154100D02ABA7B4200828CB3 /* ProfileModel.swift in Sources */,
				154E3BAD2AB8745C00E2312E /* MainViewController.swift in Sources */,
				154E3BF12AB9B2A100E2312E /* ProfilePageViewController.swift in Sources */,
				154E3BDB2AB9440400E2312E /* Instances.swift in Sources */,
				154100D22ABA905F00828CB3 /* ProfilePageView.swift in Sources */,
				154E3BA92AB8745C00E2312E /* AppDelegate.swift in Sources */,
				154E3BAB2AB8745C00E2312E /* SceneDelegate.swift in Sources */,
				154E3BB32AB8745C00E2312E /* Task.xcdatamodeld in Sources */,
				154100CE2ABA7B3D00828CB3 /* ProfilePageViewModel.swift in Sources */,
			);
			runOnlyForDeploymentPostprocessing = 0;
		};
/* End PBXSourcesBuildPhase section */

/* Begin PBXVariantGroup section */
		154E3BAE2AB8745C00E2312E /* Main.storyboard */ = {
			isa = PBXVariantGroup;
			children = (
				154E3BAF2AB8745C00E2312E /* Base */,
			);
			name = Main.storyboard;
			sourceTree = "<group>";
		};
		154E3BB62AB8745D00E2312E /* LaunchScreen.storyboard */ = {
			isa = PBXVariantGroup;
			children = (
				154E3BB72AB8745D00E2312E /* Base */,
			);
			name = LaunchScreen.storyboard;
			sourceTree = "<group>";
		};
/* End PBXVariantGroup section */

/* Begin XCBuildConfiguration section */
		154E3BBA2AB8745D00E2312E /* Debug */ = {
			isa = XCBuildConfiguration;
			buildSettings = {
				ALWAYS_SEARCH_USER_PATHS = NO;
				CLANG_ANALYZER_NONNULL = YES;
				CLANG_ANALYZER_NUMBER_OBJECT_CONVERSION = YES_AGGRESSIVE;
				CLANG_CXX_LANGUAGE_STANDARD = "gnu++20";
				CLANG_ENABLE_MODULES = YES;
				CLANG_ENABLE_OBJC_ARC = YES;
				CLANG_ENABLE_OBJC_WEAK = YES;
				CLANG_WARN_BLOCK_CAPTURE_AUTORELEASING = YES;
				CLANG_WARN_BOOL_CONVERSION = YES;
				CLANG_WARN_COMMA = YES;
				CLANG_WARN_CONSTANT_CONVERSION = YES;
				CLANG_WARN_DEPRECATED_OBJC_IMPLEMENTATIONS = YES;
				CLANG_WARN_DIRECT_OBJC_ISA_USAGE = YES_ERROR;
				CLANG_WARN_DOCUMENTATION_COMMENTS = YES;
				CLANG_WARN_EMPTY_BODY = YES;
				CLANG_WARN_ENUM_CONVERSION = YES;
				CLANG_WARN_INFINITE_RECURSION = YES;
				CLANG_WARN_INT_CONVERSION = YES;
				CLANG_WARN_NON_LITERAL_NULL_CONVERSION = YES;
				CLANG_WARN_OBJC_IMPLICIT_RETAIN_SELF = YES;
				CLANG_WARN_OBJC_LITERAL_CONVERSION = YES;
				CLANG_WARN_OBJC_ROOT_CLASS = YES_ERROR;
				CLANG_WARN_QUOTED_INCLUDE_IN_FRAMEWORK_HEADER = YES;
				CLANG_WARN_RANGE_LOOP_ANALYSIS = YES;
				CLANG_WARN_STRICT_PROTOTYPES = YES;
				CLANG_WARN_SUSPICIOUS_MOVE = YES;
				CLANG_WARN_UNGUARDED_AVAILABILITY = YES_AGGRESSIVE;
				CLANG_WARN_UNREACHABLE_CODE = YES;
				CLANG_WARN__DUPLICATE_METHOD_MATCH = YES;
				COPY_PHASE_STRIP = NO;
				DEBUG_INFORMATION_FORMAT = dwarf;
				ENABLE_STRICT_OBJC_MSGSEND = YES;
				ENABLE_TESTABILITY = YES;
				ENABLE_USER_SCRIPT_SANDBOXING = YES;
				GCC_C_LANGUAGE_STANDARD = gnu11;
				GCC_DYNAMIC_NO_PIC = NO;
				GCC_NO_COMMON_BLOCKS = YES;
				GCC_OPTIMIZATION_LEVEL = 0;
				GCC_PREPROCESSOR_DEFINITIONS = (
					"DEBUG=1",
					"$(inherited)",
				);
				GCC_WARN_64_TO_32_BIT_CONVERSION = YES;
				GCC_WARN_ABOUT_RETURN_TYPE = YES_ERROR;
				GCC_WARN_UNDECLARED_SELECTOR = YES;
				GCC_WARN_UNINITIALIZED_AUTOS = YES_AGGRESSIVE;
				GCC_WARN_UNUSED_FUNCTION = YES;
				GCC_WARN_UNUSED_VARIABLE = YES;
				IPHONEOS_DEPLOYMENT_TARGET = 16.4;
				MTL_ENABLE_DEBUG_INFO = INCLUDE_SOURCE;
				MTL_FAST_MATH = YES;
				ONLY_ACTIVE_ARCH = YES;
				SDKROOT = iphoneos;
				SWIFT_ACTIVE_COMPILATION_CONDITIONS = DEBUG;
				SWIFT_OPTIMIZATION_LEVEL = "-Onone";
			};
			name = Debug;
		};
		154E3BBB2AB8745D00E2312E /* Release */ = {
			isa = XCBuildConfiguration;
			buildSettings = {
				ALWAYS_SEARCH_USER_PATHS = NO;
				CLANG_ANALYZER_NONNULL = YES;
				CLANG_ANALYZER_NUMBER_OBJECT_CONVERSION = YES_AGGRESSIVE;
				CLANG_CXX_LANGUAGE_STANDARD = "gnu++20";
				CLANG_ENABLE_MODULES = YES;
				CLANG_ENABLE_OBJC_ARC = YES;
				CLANG_ENABLE_OBJC_WEAK = YES;
				CLANG_WARN_BLOCK_CAPTURE_AUTORELEASING = YES;
				CLANG_WARN_BOOL_CONVERSION = YES;
				CLANG_WARN_COMMA = YES;
				CLANG_WARN_CONSTANT_CONVERSION = YES;
				CLANG_WARN_DEPRECATED_OBJC_IMPLEMENTATIONS = YES;
				CLANG_WARN_DIRECT_OBJC_ISA_USAGE = YES_ERROR;
				CLANG_WARN_DOCUMENTATION_COMMENTS = YES;
				CLANG_WARN_EMPTY_BODY = YES;
				CLANG_WARN_ENUM_CONVERSION = YES;
				CLANG_WARN_INFINITE_RECURSION = YES;
				CLANG_WARN_INT_CONVERSION = YES;
				CLANG_WARN_NON_LITERAL_NULL_CONVERSION = YES;
				CLANG_WARN_OBJC_IMPLICIT_RETAIN_SELF = YES;
				CLANG_WARN_OBJC_LITERAL_CONVERSION = YES;
				CLANG_WARN_OBJC_ROOT_CLASS = YES_ERROR;
				CLANG_WARN_QUOTED_INCLUDE_IN_FRAMEWORK_HEADER = YES;
				CLANG_WARN_RANGE_LOOP_ANALYSIS = YES;
				CLANG_WARN_STRICT_PROTOTYPES = YES;
				CLANG_WARN_SUSPICIOUS_MOVE = YES;
				CLANG_WARN_UNGUARDED_AVAILABILITY = YES_AGGRESSIVE;
				CLANG_WARN_UNREACHABLE_CODE = YES;
				CLANG_WARN__DUPLICATE_METHOD_MATCH = YES;
				COPY_PHASE_STRIP = NO;
				DEBUG_INFORMATION_FORMAT = "dwarf-with-dsym";
				ENABLE_NS_ASSERTIONS = NO;
				ENABLE_STRICT_OBJC_MSGSEND = YES;
				ENABLE_USER_SCRIPT_SANDBOXING = YES;
				GCC_C_LANGUAGE_STANDARD = gnu11;
				GCC_NO_COMMON_BLOCKS = YES;
				GCC_WARN_64_TO_32_BIT_CONVERSION = YES;
				GCC_WARN_ABOUT_RETURN_TYPE = YES_ERROR;
				GCC_WARN_UNDECLARED_SELECTOR = YES;
				GCC_WARN_UNINITIALIZED_AUTOS = YES_AGGRESSIVE;
				GCC_WARN_UNUSED_FUNCTION = YES;
				GCC_WARN_UNUSED_VARIABLE = YES;
				IPHONEOS_DEPLOYMENT_TARGET = 16.4;
				MTL_ENABLE_DEBUG_INFO = NO;
				MTL_FAST_MATH = YES;
				SDKROOT = iphoneos;
				SWIFT_COMPILATION_MODE = wholemodule;
				SWIFT_OPTIMIZATION_LEVEL = "-O";
				VALIDATE_PRODUCT = YES;
			};
			name = Release;
		};
		154E3BBD2AB8745D00E2312E /* Debug */ = {
			isa = XCBuildConfiguration;
			buildSettings = {
				ASSETCATALOG_COMPILER_APPICON_NAME = AppIcon;
				ASSETCATALOG_COMPILER_GLOBAL_ACCENT_COLOR_NAME = AccentColor;
				CODE_SIGN_STYLE = Automatic;
				CURRENT_PROJECT_VERSION = 1;
				GENERATE_INFOPLIST_FILE = YES;
				INFOPLIST_FILE = TodoApp/Info.plist;
				INFOPLIST_KEY_UIApplicationSupportsIndirectInputEvents = YES;
				INFOPLIST_KEY_UILaunchStoryboardName = LaunchScreen;
				INFOPLIST_KEY_UIMainStoryboardFile = Main;
				INFOPLIST_KEY_UISupportedInterfaceOrientations_iPad = "UIInterfaceOrientationPortrait UIInterfaceOrientationPortraitUpsideDown UIInterfaceOrientationLandscapeLeft UIInterfaceOrientationLandscapeRight";
				INFOPLIST_KEY_UISupportedInterfaceOrientations_iPhone = "UIInterfaceOrientationPortrait UIInterfaceOrientationLandscapeLeft UIInterfaceOrientationLandscapeRight";
				LD_RUNPATH_SEARCH_PATHS = (
					"$(inherited)",
					"@executable_path/Frameworks",
				);
				MARKETING_VERSION = 1.0;
				PRODUCT_BUNDLE_IDENTIFIER = chanho.TodoApp;
				PRODUCT_NAME = "$(TARGET_NAME)";
				SWIFT_EMIT_LOC_STRINGS = YES;
				SWIFT_VERSION = 5.0;
				TARGETED_DEVICE_FAMILY = "1,2";
			};
			name = Debug;
		};
		154E3BBE2AB8745D00E2312E /* Release */ = {
			isa = XCBuildConfiguration;
			buildSettings = {
				ASSETCATALOG_COMPILER_APPICON_NAME = AppIcon;
				ASSETCATALOG_COMPILER_GLOBAL_ACCENT_COLOR_NAME = AccentColor;
				CODE_SIGN_STYLE = Automatic;
				CURRENT_PROJECT_VERSION = 1;
				GENERATE_INFOPLIST_FILE = YES;
				INFOPLIST_FILE = TodoApp/Info.plist;
				INFOPLIST_KEY_UIApplicationSupportsIndirectInputEvents = YES;
				INFOPLIST_KEY_UILaunchStoryboardName = LaunchScreen;
				INFOPLIST_KEY_UIMainStoryboardFile = Main;
				INFOPLIST_KEY_UISupportedInterfaceOrientations_iPad = "UIInterfaceOrientationPortrait UIInterfaceOrientationPortraitUpsideDown UIInterfaceOrientationLandscapeLeft UIInterfaceOrientationLandscapeRight";
				INFOPLIST_KEY_UISupportedInterfaceOrientations_iPhone = "UIInterfaceOrientationPortrait UIInterfaceOrientationLandscapeLeft UIInterfaceOrientationLandscapeRight";
				LD_RUNPATH_SEARCH_PATHS = (
					"$(inherited)",
					"@executable_path/Frameworks",
				);
				MARKETING_VERSION = 1.0;
				PRODUCT_BUNDLE_IDENTIFIER = chanho.TodoApp;
				PRODUCT_NAME = "$(TARGET_NAME)";
				SWIFT_EMIT_LOC_STRINGS = YES;
				SWIFT_VERSION = 5.0;
				TARGETED_DEVICE_FAMILY = "1,2";
			};
			name = Release;
		};
/* End XCBuildConfiguration section */

/* Begin XCConfigurationList section */
		154E3BA02AB8745C00E2312E /* Build configuration list for PBXProject "TodoApp" */ = {
			isa = XCConfigurationList;
			buildConfigurations = (
				154E3BBA2AB8745D00E2312E /* Debug */,
				154E3BBB2AB8745D00E2312E /* Release */,
			);
			defaultConfigurationIsVisible = 0;
			defaultConfigurationName = Release;
		};
		154E3BBC2AB8745D00E2312E /* Build configuration list for PBXNativeTarget "TodoApp" */ = {
			isa = XCConfigurationList;
			buildConfigurations = (
				154E3BBD2AB8745D00E2312E /* Debug */,
				154E3BBE2AB8745D00E2312E /* Release */,
			);
			defaultConfigurationIsVisible = 0;
			defaultConfigurationName = Release;
		};
/* End XCConfigurationList section */

/* Begin XCRemoteSwiftPackageReference section */
		154100E52ABC623600828CB3 /* XCRemoteSwiftPackageReference "Alamofire" */ = {
			isa = XCRemoteSwiftPackageReference;
			repositoryURL = "https://github.com/Alamofire/Alamofire.git";
			requirement = {
				kind = upToNextMajorVersion;
				minimumVersion = 5.8.0;
			};
		};
		154E3BE82AB97F8900E2312E /* XCRemoteSwiftPackageReference "SnapKit" */ = {
			isa = XCRemoteSwiftPackageReference;
			repositoryURL = "https://github.com/SnapKit/SnapKit.git";
			requirement = {
				kind = upToNextMajorVersion;
				minimumVersion = 5.0.0;
			};
		};
/* End XCRemoteSwiftPackageReference section */

/* Begin XCSwiftPackageProductDependency section */
		154100E62ABC623600828CB3 /* Alamofire */ = {
			isa = XCSwiftPackageProductDependency;
			package = 154100E52ABC623600828CB3 /* XCRemoteSwiftPackageReference "Alamofire" */;
			productName = Alamofire;
		};
		154E3BE92AB97F8900E2312E /* SnapKit */ = {
			isa = XCSwiftPackageProductDependency;
			package = 154E3BE82AB97F8900E2312E /* XCRemoteSwiftPackageReference "SnapKit" */;
			productName = SnapKit;
		};
/* End XCSwiftPackageProductDependency section */

/* Begin XCVersionGroup section */
		154E3BB12AB8745C00E2312E /* Task.xcdatamodeld */ = {
			isa = XCVersionGroup;
			children = (
				154E3BB22AB8745C00E2312E /* TodoApp.xcdatamodel */,
			);
			currentVersion = 154E3BB22AB8745C00E2312E /* TodoApp.xcdatamodel */;
			path = Task.xcdatamodeld;
			sourceTree = "<group>";
			versionGroupType = wrapper.xcdatamodel;
		};
/* End XCVersionGroup section */
	};
	rootObject = 154E3B9D2AB8745C00E2312E /* Project object */;
}
